// !$*UTF8*$!
{
	archiveVersion = 1;
	classes = {
	};
	objectVersion = 46;
	objects = {

/* Begin PBXBuildFile section */
		B103C8761BBA556F00F79E33 /* AppDelegate.m in Sources */ = {isa = PBXBuildFile; fileRef = B103C8751BBA556F00F79E33 /* AppDelegate.m */; };
		B103C8781BBA556F00F79E33 /* main.m in Sources */ = {isa = PBXBuildFile; fileRef = B103C8771BBA556F00F79E33 /* main.m */; };
		B103C87A1BBA556F00F79E33 /* Images.xcassets in Resources */ = {isa = PBXBuildFile; fileRef = B103C8791BBA556F00F79E33 /* Images.xcassets */; };
		B103C87D1BBA556F00F79E33 /* MainMenu.xib in Resources */ = {isa = PBXBuildFile; fileRef = B103C87B1BBA556F00F79E33 /* MainMenu.xib */; };
		B103C8891BBA557000F79E33 /* HelloWorldMonoTests.m in Sources */ = {isa = PBXBuildFile; fileRef = B103C8881BBA557000F79E33 /* HelloWorldMonoTests.m */; };
		B103C8981BBA562600F79E33 /* MainViewController.m in Sources */ = {isa = PBXBuildFile; fileRef = B103C8961BBA562600F79E33 /* MainViewController.m */; };
		B103C8991BBA562600F79E33 /* MainViewController.xib in Resources */ = {isa = PBXBuildFile; fileRef = B103C8971BBA562600F79E33 /* MainViewController.xib */; };
		B127F5961BC3C2840074E2A4 /* libmono-2.0.1.dylib in Frameworks */ = {isa = PBXBuildFile; fileRef = B127F5951BC3C2840074E2A4 /* libmono-2.0.1.dylib */; };
/* End PBXBuildFile section */

/* Begin PBXContainerItemProxy section */
		B103C8831BBA557000F79E33 /* PBXContainerItemProxy */ = {
			isa = PBXContainerItemProxy;
			containerPortal = B103C8671BBA556F00F79E33 /* Project object */;
			proxyType = 1;
			remoteGlobalIDString = B103C86E1BBA556F00F79E33;
			remoteInfo = HelloWorldMono;
		};
/* End PBXContainerItemProxy section */

/* Begin PBXFileReference section */
		B103C86F1BBA556F00F79E33 /* HelloWorldMono.app */ = {isa = PBXFileReference; explicitFileType = wrapper.application; includeInIndex = 0; path = HelloWorldMono.app; sourceTree = BUILT_PRODUCTS_DIR; };
		B103C8731BBA556F00F79E33 /* Info.plist */ = {isa = PBXFileReference; lastKnownFileType = text.plist.xml; path = Info.plist; sourceTree = "<group>"; };
		B103C8741BBA556F00F79E33 /* AppDelegate.h */ = {isa = PBXFileReference; lastKnownFileType = sourcecode.c.h; path = AppDelegate.h; sourceTree = "<group>"; };
		B103C8751BBA556F00F79E33 /* AppDelegate.m */ = {isa = PBXFileReference; lastKnownFileType = sourcecode.c.objc; path = AppDelegate.m; sourceTree = "<group>"; };
		B103C8771BBA556F00F79E33 /* main.m */ = {isa = PBXFileReference; lastKnownFileType = sourcecode.c.objc; path = main.m; sourceTree = "<group>"; };
		B103C8791BBA556F00F79E33 /* Images.xcassets */ = {isa = PBXFileReference; lastKnownFileType = folder.assetcatalog; path = Images.xcassets; sourceTree = "<group>"; };
		B103C87C1BBA556F00F79E33 /* Base */ = {isa = PBXFileReference; lastKnownFileType = file.xib; name = Base; path = Base.lproj/MainMenu.xib; sourceTree = "<group>"; };
		B103C8821BBA557000F79E33 /* HelloWorldMonoTests.xctest */ = {isa = PBXFileReference; explicitFileType = wrapper.cfbundle; includeInIndex = 0; path = HelloWorldMonoTests.xctest; sourceTree = BUILT_PRODUCTS_DIR; };
		B103C8871BBA557000F79E33 /* Info.plist */ = {isa = PBXFileReference; lastKnownFileType = text.plist.xml; path = Info.plist; sourceTree = "<group>"; };
		B103C8881BBA557000F79E33 /* HelloWorldMonoTests.m */ = {isa = PBXFileReference; lastKnownFileType = sourcecode.c.objc; path = HelloWorldMonoTests.m; sourceTree = "<group>"; };
		B103C8951BBA562600F79E33 /* MainViewController.h */ = {isa = PBXFileReference; fileEncoding = 4; lastKnownFileType = sourcecode.c.h; path = MainViewController.h; sourceTree = "<group>"; };
		B103C8961BBA562600F79E33 /* MainViewController.m */ = {isa = PBXFileReference; fileEncoding = 4; lastKnownFileType = sourcecode.c.objc; path = MainViewController.m; sourceTree = "<group>"; };
		B103C8971BBA562600F79E33 /* MainViewController.xib */ = {isa = PBXFileReference; fileEncoding = 4; lastKnownFileType = file.xib; path = MainViewController.xib; sourceTree = "<group>"; };
		B127F5951BC3C2840074E2A4 /* libmono-2.0.1.dylib */ = {isa = PBXFileReference; lastKnownFileType = "compiled.mach-o.dylib"; name = "libmono-2.0.1.dylib"; path = "usr/lib/libmono-2.0.1.dylib"; sourceTree = SDKROOT; };
/* End PBXFileReference section */

/* Begin PBXFrameworksBuildPhase section */
		B103C86C1BBA556F00F79E33 /* Frameworks */ = {
			isa = PBXFrameworksBuildPhase;
			buildActionMask = 2147483647;
			files = (
				B127F5961BC3C2840074E2A4 /* libmono-2.0.1.dylib in Frameworks */,
			);
			runOnlyForDeploymentPostprocessing = 0;
		};
		B103C87F1BBA557000F79E33 /* Frameworks */ = {
			isa = PBXFrameworksBuildPhase;
			buildActionMask = 2147483647;
			files = (
			);
			runOnlyForDeploymentPostprocessing = 0;
		};
/* End PBXFrameworksBuildPhase section */

/* Begin PBXGroup section */
		B103C8661BBA556F00F79E33 = {
			isa = PBXGroup;
			children = (
				B127F5951BC3C2840074E2A4 /* libmono-2.0.1.dylib */,
				B103C8711BBA556F00F79E33 /* HelloWorldMono */,
				B103C8851BBA557000F79E33 /* HelloWorldMonoTests */,
				B103C8701BBA556F00F79E33 /* Products */,
			);
			sourceTree = "<group>";
		};
		B103C8701BBA556F00F79E33 /* Products */ = {
			isa = PBXGroup;
			children = (
				B103C86F1BBA556F00F79E33 /* HelloWorldMono.app */,
				B103C8821BBA557000F79E33 /* HelloWorldMonoTests.xctest */,
			);
			name = Products;
			sourceTree = "<group>";
		};
		B103C8711BBA556F00F79E33 /* HelloWorldMono */ = {
			isa = PBXGroup;
			children = (
				B103C89A1BBA564800F79E33 /* GUI */,
				B103C8791BBA556F00F79E33 /* Images.xcassets */,
				B103C8721BBA556F00F79E33 /* Supporting Files */,
			);
			path = HelloWorldMono;
			sourceTree = "<group>";
		};
		B103C8721BBA556F00F79E33 /* Supporting Files */ = {
			isa = PBXGroup;
			children = (
				B103C8731BBA556F00F79E33 /* Info.plist */,
				B103C8771BBA556F00F79E33 /* main.m */,
			);
			name = "Supporting Files";
			sourceTree = "<group>";
		};
		B103C8851BBA557000F79E33 /* HelloWorldMonoTests */ = {
			isa = PBXGroup;
			children = (
				B103C8881BBA557000F79E33 /* HelloWorldMonoTests.m */,
				B103C8861BBA557000F79E33 /* Supporting Files */,
			);
			path = HelloWorldMonoTests;
			sourceTree = "<group>";
		};
		B103C8861BBA557000F79E33 /* Supporting Files */ = {
			isa = PBXGroup;
			children = (
				B103C8871BBA557000F79E33 /* Info.plist */,
			);
			name = "Supporting Files";
			sourceTree = "<group>";
		};
		B103C89A1BBA564800F79E33 /* GUI */ = {
			isa = PBXGroup;
			children = (
				B103C8951BBA562600F79E33 /* MainViewController.h */,
				B103C8961BBA562600F79E33 /* MainViewController.m */,
				B103C8971BBA562600F79E33 /* MainViewController.xib */,
				B103C8741BBA556F00F79E33 /* AppDelegate.h */,
				B103C8751BBA556F00F79E33 /* AppDelegate.m */,
				B103C87B1BBA556F00F79E33 /* MainMenu.xib */,
			);
			name = GUI;
			sourceTree = "<group>";
		};
/* End PBXGroup section */

/* Begin PBXNativeTarget section */
		B103C86E1BBA556F00F79E33 /* HelloWorldMono */ = {
			isa = PBXNativeTarget;
			buildConfigurationList = B103C88C1BBA557000F79E33 /* Build configuration list for PBXNativeTarget "HelloWorldMono" */;
			buildPhases = (
				B103C86B1BBA556F00F79E33 /* Sources */,
				B103C86C1BBA556F00F79E33 /* Frameworks */,
				B103C86D1BBA556F00F79E33 /* Resources */,
			);
			buildRules = (
			);
			dependencies = (
			);
			name = HelloWorldMono;
			productName = HelloWorldMono;
			productReference = B103C86F1BBA556F00F79E33 /* HelloWorldMono.app */;
			productType = "com.apple.product-type.application";
		};
		B103C8811BBA557000F79E33 /* HelloWorldMonoTests */ = {
			isa = PBXNativeTarget;
			buildConfigurationList = B103C88F1BBA557000F79E33 /* Build configuration list for PBXNativeTarget "HelloWorldMonoTests" */;
			buildPhases = (
				B103C87E1BBA557000F79E33 /* Sources */,
				B103C87F1BBA557000F79E33 /* Frameworks */,
				B103C8801BBA557000F79E33 /* Resources */,
			);
			buildRules = (
			);
			dependencies = (
				B103C8841BBA557000F79E33 /* PBXTargetDependency */,
			);
			name = HelloWorldMonoTests;
			productName = HelloWorldMonoTests;
			productReference = B103C8821BBA557000F79E33 /* HelloWorldMonoTests.xctest */;
			productType = "com.apple.product-type.bundle.unit-test";
		};
/* End PBXNativeTarget section */

/* Begin PBXProject section */
		B103C8671BBA556F00F79E33 /* Project object */ = {
			isa = PBXProject;
			attributes = {
				LastUpgradeCheck = 0630;
				ORGANIZATIONNAME = AirWatch;
				TargetAttributes = {
					B103C86E1BBA556F00F79E33 = {
						CreatedOnToolsVersion = 6.3;
					};
					B103C8811BBA557000F79E33 = {
						CreatedOnToolsVersion = 6.3;
						TestTargetID = B103C86E1BBA556F00F79E33;
					};
				};
			};
			buildConfigurationList = B103C86A1BBA556F00F79E33 /* Build configuration list for PBXProject "HelloWorldMono" */;
			compatibilityVersion = "Xcode 3.2";
			developmentRegion = English;
			hasScannedForEncodings = 0;
			knownRegions = (
				en,
				Base,
			);
			mainGroup = B103C8661BBA556F00F79E33;
			productRefGroup = B103C8701BBA556F00F79E33 /* Products */;
			projectDirPath = "";
			projectRoot = "";
			targets = (
				B103C86E1BBA556F00F79E33 /* HelloWorldMono */,
				B103C8811BBA557000F79E33 /* HelloWorldMonoTests */,
			);
		};
/* End PBXProject section */

/* Begin PBXResourcesBuildPhase section */
		B103C86D1BBA556F00F79E33 /* Resources */ = {
			isa = PBXResourcesBuildPhase;
			buildActionMask = 2147483647;
			files = (
				B103C87A1BBA556F00F79E33 /* Images.xcassets in Resources */,
				B103C8991BBA562600F79E33 /* MainViewController.xib in Resources */,
				B103C87D1BBA556F00F79E33 /* MainMenu.xib in Resources */,
			);
			runOnlyForDeploymentPostprocessing = 0;
		};
		B103C8801BBA557000F79E33 /* Resources */ = {
			isa = PBXResourcesBuildPhase;
			buildActionMask = 2147483647;
			files = (
			);
			runOnlyForDeploymentPostprocessing = 0;
		};
/* End PBXResourcesBuildPhase section */

/* Begin PBXSourcesBuildPhase section */
		B103C86B1BBA556F00F79E33 /* Sources */ = {
			isa = PBXSourcesBuildPhase;
			buildActionMask = 2147483647;
			files = (
				B103C8781BBA556F00F79E33 /* main.m in Sources */,
				B103C8981BBA562600F79E33 /* MainViewController.m in Sources */,
				B103C8761BBA556F00F79E33 /* AppDelegate.m in Sources */,
			);
			runOnlyForDeploymentPostprocessing = 0;
		};
		B103C87E1BBA557000F79E33 /* Sources */ = {
			isa = PBXSourcesBuildPhase;
			buildActionMask = 2147483647;
			files = (
				B103C8891BBA557000F79E33 /* HelloWorldMonoTests.m in Sources */,
			);
			runOnlyForDeploymentPostprocessing = 0;
		};
/* End PBXSourcesBuildPhase section */

/* Begin PBXTargetDependency section */
		B103C8841BBA557000F79E33 /* PBXTargetDependency */ = {
			isa = PBXTargetDependency;
			target = B103C86E1BBA556F00F79E33 /* HelloWorldMono */;
			targetProxy = B103C8831BBA557000F79E33 /* PBXContainerItemProxy */;
		};
/* End PBXTargetDependency section */

/* Begin PBXVariantGroup section */
		B103C87B1BBA556F00F79E33 /* MainMenu.xib */ = {
			isa = PBXVariantGroup;
			children = (
				B103C87C1BBA556F00F79E33 /* Base */,
			);
			name = MainMenu.xib;
			sourceTree = "<group>";
		};
/* End PBXVariantGroup section */

/* Begin XCBuildConfiguration section */
		B103C88A1BBA557000F79E33 /* Debug */ = {
			isa = XCBuildConfiguration;
			buildSettings = {
				ALWAYS_SEARCH_USER_PATHS = NO;
				CLANG_CXX_LANGUAGE_STANDARD = "gnu++0x";
				CLANG_CXX_LIBRARY = "libc++";
				CLANG_ENABLE_MODULES = YES;
				CLANG_ENABLE_OBJC_ARC = YES;
				CLANG_WARN_BOOL_CONVERSION = YES;
				CLANG_WARN_CONSTANT_CONVERSION = YES;
				CLANG_WARN_DIRECT_OBJC_ISA_USAGE = YES_ERROR;
				CLANG_WARN_EMPTY_BODY = YES;
				CLANG_WARN_ENUM_CONVERSION = YES;
				CLANG_WARN_INT_CONVERSION = YES;
				CLANG_WARN_OBJC_ROOT_CLASS = YES_ERROR;
				CLANG_WARN_UNREACHABLE_CODE = YES;
				CLANG_WARN__DUPLICATE_METHOD_MATCH = YES;
				CODE_SIGN_IDENTITY = "-";
				COPY_PHASE_STRIP = NO;
				DEBUG_INFORMATION_FORMAT = dwarf;
				ENABLE_STRICT_OBJC_MSGSEND = YES;
				GCC_C_LANGUAGE_STANDARD = gnu99;
				GCC_DYNAMIC_NO_PIC = NO;
				GCC_NO_COMMON_BLOCKS = YES;
				GCC_OPTIMIZATION_LEVEL = 0;
				GCC_PREPROCESSOR_DEFINITIONS = (
					"DEBUG=1",
					"$(inherited)",
				);
				GCC_SYMBOLS_PRIVATE_EXTERN = NO;
				GCC_WARN_64_TO_32_BIT_CONVERSION = YES;
				GCC_WARN_ABOUT_RETURN_TYPE = YES_ERROR;
				GCC_WARN_UNDECLARED_SELECTOR = YES;
				GCC_WARN_UNINITIALIZED_AUTOS = YES_AGGRESSIVE;
				GCC_WARN_UNUSED_FUNCTION = YES;
				GCC_WARN_UNUSED_VARIABLE = YES;
				MACOSX_DEPLOYMENT_TARGET = 10.10;
				MTL_ENABLE_DEBUG_INFO = YES;
				Mono_Search_header = "/Users/airatch/dummy-projects/Mono-setup/include/mono-2.0/";
				ONLY_ACTIVE_ARCH = YES;
				SDKROOT = macosx;
			};
			name = Debug;
		};
		B103C88B1BBA557000F79E33 /* Release */ = {
			isa = XCBuildConfiguration;
			buildSettings = {
				ALWAYS_SEARCH_USER_PATHS = NO;
				CLANG_CXX_LANGUAGE_STANDARD = "gnu++0x";
				CLANG_CXX_LIBRARY = "libc++";
				CLANG_ENABLE_MODULES = YES;
				CLANG_ENABLE_OBJC_ARC = YES;
				CLANG_WARN_BOOL_CONVERSION = YES;
				CLANG_WARN_CONSTANT_CONVERSION = YES;
				CLANG_WARN_DIRECT_OBJC_ISA_USAGE = YES_ERROR;
				CLANG_WARN_EMPTY_BODY = YES;
				CLANG_WARN_ENUM_CONVERSION = YES;
				CLANG_WARN_INT_CONVERSION = YES;
				CLANG_WARN_OBJC_ROOT_CLASS = YES_ERROR;
				CLANG_WARN_UNREACHABLE_CODE = YES;
				CLANG_WARN__DUPLICATE_METHOD_MATCH = YES;
				CODE_SIGN_IDENTITY = "-";
				COPY_PHASE_STRIP = NO;
				DEBUG_INFORMATION_FORMAT = "dwarf-with-dsym";
				ENABLE_NS_ASSERTIONS = NO;
				ENABLE_STRICT_OBJC_MSGSEND = YES;
				GCC_C_LANGUAGE_STANDARD = gnu99;
				GCC_NO_COMMON_BLOCKS = YES;
				GCC_WARN_64_TO_32_BIT_CONVERSION = YES;
				GCC_WARN_ABOUT_RETURN_TYPE = YES_ERROR;
				GCC_WARN_UNDECLARED_SELECTOR = YES;
				GCC_WARN_UNINITIALIZED_AUTOS = YES_AGGRESSIVE;
				GCC_WARN_UNUSED_FUNCTION = YES;
				GCC_WARN_UNUSED_VARIABLE = YES;
				MACOSX_DEPLOYMENT_TARGET = 10.10;
				MTL_ENABLE_DEBUG_INFO = NO;
				Mono_Search_header = "/Users/airatch/dummy-projects/Mono-setup/include/mono-2.0/";
				SDKROOT = macosx;
			};
			name = Release;
		};
		B103C88D1BBA557000F79E33 /* Debug */ = {
			isa = XCBuildConfiguration;
			buildSettings = {
				ASSETCATALOG_COMPILER_APPICON_NAME = AppIcon;
				COMBINE_HIDPI_IMAGES = YES;
				INFOPLIST_FILE = HelloWorldMono/Info.plist;
				LD_RUNPATH_SEARCH_PATHS = "$(inherited) @executable_path/../Frameworks";
				LIBRARY_SEARCH_PATHS = (
					"$(inherited)",
					"$(PROJECT_DIR)",
				);
				PRODUCT_NAME = "$(TARGET_NAME)";
			};
			name = Debug;
		};
		B103C88E1BBA557000F79E33 /* Release */ = {
			isa = XCBuildConfiguration;
			buildSettings = {
				ASSETCATALOG_COMPILER_APPICON_NAME = AppIcon;
				COMBINE_HIDPI_IMAGES = YES;
				INFOPLIST_FILE = HelloWorldMono/Info.plist;
				LD_RUNPATH_SEARCH_PATHS = "$(inherited) @executable_path/../Frameworks";
				LIBRARY_SEARCH_PATHS = (
					"$(inherited)",
					"$(PROJECT_DIR)",
				);
				PRODUCT_NAME = "$(TARGET_NAME)";
			};
			name = Release;
		};
		B103C8901BBA557000F79E33 /* Debug */ = {
			isa = XCBuildConfiguration;
			buildSettings = {
				BUNDLE_LOADER = "$(TEST_HOST)";
				COMBINE_HIDPI_IMAGES = YES;
				FRAMEWORK_SEARCH_PATHS = (
					"$(DEVELOPER_FRAMEWORKS_DIR)",
					"$(inherited)",
				);
				GCC_PREPROCESSOR_DEFINITIONS = (
					"DEBUG=1",
					"$(inherited)",
				);
				INFOPLIST_FILE = HelloWorldMonoTests/Info.plist;
				LD_RUNPATH_SEARCH_PATHS = "$(inherited) @executable_path/../Frameworks @loader_path/../Frameworks";
				LIBRARY_SEARCH_PATHS = (
					"$(inherited)",
					"$(PROJECT_DIR)",
				);
				PRODUCT_NAME = "$(TARGET_NAME)";
				TEST_HOST = "$(BUILT_PRODUCTS_DIR)/HelloWorldMono.app/Contents/MacOS/HelloWorldMono";
			};
			name = Debug;
		};
		B103C8911BBA557000F79E33 /* Release */ = {
			isa = XCBuildConfiguration;
			buildSettings = {
				BUNDLE_LOADER = "$(TEST_HOST)";
				COMBINE_HIDPI_IMAGES = YES;
				FRAMEWORK_SEARCH_PATHS = (
					"$(DEVELOPER_FRAMEWORKS_DIR)",
					"$(inherited)",
				);
				INFOPLIST_FILE = HelloWorldMonoTests/Info.plist;
				LD_RUNPATH_SEARCH_PATHS = "$(inherited) @executable_path/../Frameworks @loader_path/../Frameworks";
				LIBRARY_SEARCH_PATHS = (
					"$(inherited)",
					"$(PROJECT_DIR)",
				);
				PRODUCT_NAME = "$(TARGET_NAME)";
				TEST_HOST = "$(BUILT_PRODUCTS_DIR)/HelloWorldMono.app/Contents/MacOS/HelloWorldMono";
			};
			name = Release;
		};
/* End XCBuildConfiguration section */

/* Begin XCConfigurationList section */
		B103C86A1BBA556F00F79E33 /* Build configuration list for PBXProject "HelloWorldMono" */ = {
			isa = XCConfigurationList;
			buildConfigurations = (
				B103C88A1BBA557000F79E33 /* Debug */,
				B103C88B1BBA557000F79E33 /* Release */,
			);
			defaultConfigurationIsVisible = 0;
			defaultConfigurationName = Release;
		};
		B103C88C1BBA557000F79E33 /* Build configuration list for PBXNativeTarget "HelloWorldMono" */ = {
			isa = XCConfigurationList;
			buildConfigurations = (
				B103C88D1BBA557000F79E33 /* Debug */,
				B103C88E1BBA557000F79E33 /* Release */,
			);
			defaultConfigurationIsVisible = 0;
			defaultConfigurationName = Release;
		};
		B103C88F1BBA557000F79E33 /* Build configuration list for PBXNativeTarget "HelloWorldMonoTests" */ = {
			isa = XCConfigurationList;
			buildConfigurations = (
				B103C8901BBA557000F79E33 /* Debug */,
				B103C8911BBA557000F79E33 /* Release */,
			);
			defaultConfigurationIsVisible = 0;
			defaultConfigurationName = Release;
		};
/* End XCConfigurationList section */
	};
	rootObject = B103C8671BBA556F00F79E33 /* Project object */;
}
